
Microsoft Visual Studio Solution File, Format Version 12.00
# Visual Studio Version 17
VisualStudioVersion = 17.5.33516.290
MinimumVisualStudioVersion = 10.0.40219.1
Project("{8BC9CEB8-8B4A-11D0-8D11-00A0C91BC942}") = "Exerciselinkedlist_148", "Exerciselinkedlist_148\Exerciselinkedlist_148.vcxproj", "{EFBE88F6-51BA-4D85-BDD1-645F866CE019}"
EndProject
Global
	GlobalSection(SolutionConfigurationPlatforms) = preSolution
		Debug|x64 = Debug|x64
		Debug|x86 = Debug|x86
		Release|x64 = Release|x64
		Release|x86 = Release|x86
	EndGlobalSection
	GlobalSection(ProjectConfigurationPlatforms) = postSolution
		{EFBE88F6-51BA-4D85-BDD1-645F866CE019}.Debug|x64.ActiveCfg = Debug|x64
		{EFBE88F6-51BA-4D85-BDD1-645F866CE019}.Debug|x64.Build.0 = Debug|x64
		{EFBE88F6-51BA-4D85-BDD1-645F866CE019}.Debug|x86.ActiveCfg = Debug|Win32
		{EFBE88F6-51BA-4D85-BDD1-645F866CE019}.Debug|x86.Build.0 = Debug|Win32
		{EFBE88F6-51BA-4D85-BDD1-645F866CE019}.Release|x64.ActiveCfg = Release|x64
		{EFBE88F6-51BA-4D85-BDD1-645F866CE019}.Release|x64.Build.0 = Release|x64
		{EFBE88F6-51BA-4D85-BDD1-645F866CE019}.Release|x86.ActiveCfg = Release|Win32
		{EFBE88F6-51BA-4D85-BDD1-645F866CE019}.Release|x86.Build.0 = Release|Win32
	EndGlobalSection
	GlobalSection(SolutionProperties) = preSolution
		HideSolutionNode = FALSE
	EndGlobalSection
	GlobalSection(ExtensibilityGlobals) = postSolution
		SolutionGuid = {BA7C8C2B-4438-4C17-A059-5289D85FBAEB}
	EndGlobalSection
EndGlobal
